
Microsoft Visual Studio Solution File, Format Version 12.00
# Visual Studio Version 17
VisualStudioVersion = 17.13.35825.156 d17.13
MinimumVisualStudioVersion = 10.0.40219.1
Project("{FAE04EC0-301F-11D3-BF4B-00C04F79EFBC}") = "NovaLauncher", "NovaLauncher.csproj", "{B192E3E6-A32B-4926-814B-C2F058150680}"
EndProject
Project("{FAE04EC0-301F-11D3-BF4B-00C04F79EFBC}") = "NovarinRPCManager", "..\NovarinRPCManager\NovarinRPCManager.csproj", "{4E2BA557-19C1-4FC7-B226-8FE6FE942A2B}"
EndProject
Global
	GlobalSection(SolutionConfigurationPlatforms) = preSolution
		Debug|Any CPU = Debug|Any CPU
		Release|Any CPU = Release|Any CPU
	EndGlobalSection
	GlobalSection(ProjectConfigurationPlatforms) = postSolution
		{B192E3E6-A32B-4926-814B-C2F058150680}.Debug|Any CPU.ActiveCfg = Debug|Any CPU
		{B192E3E6-A32B-4926-814B-C2F058150680}.Debug|Any CPU.Build.0 = Debug|Any CPU
		{B192E3E6-A32B-4926-814B-C2F058150680}.Release|Any CPU.ActiveCfg = Release|Any CPU
		{B192E3E6-A32B-4926-814B-C2F058150680}.Release|Any CPU.Build.0 = Release|Any CPU
		{4E2BA557-19C1-4FC7-B226-8FE6FE942A2B}.Debug|Any CPU.ActiveCfg = Debug|Any CPU
		{4E2BA557-19C1-4FC7-B226-8FE6FE942A2B}.Debug|Any CPU.Build.0 = Debug|Any CPU
		{4E2BA557-19C1-4FC7-B226-8FE6FE942A2B}.Release|Any CPU.ActiveCfg = Release|Any CPU
		{4E2BA557-19C1-4FC7-B226-8FE6FE942A2B}.Release|Any CPU.Build.0 = Release|Any CPU
	EndGlobalSection
	GlobalSection(SolutionProperties) = preSolution
		HideSolutionNode = FALSE
	EndGlobalSection
	GlobalSection(ExtensibilityGlobals) = postSolution
		SolutionGuid = {53AC4A3F-D156-4D19-A815-738DDBFA6B52}
	EndGlobalSection
EndGlobal
